// !$*UTF8*$!
{
	archiveVersion = 1;
	classes = {
	};
	objectVersion = 46;
	objects = {

/* Begin PBXBuildFile section */
		D11EFE4B1E275CDA00E321BC /* libsqlite3.tbd in Frameworks */ = {isa = PBXBuildFile; fileRef = D11EFE4A1E275CDA00E321BC /* libsqlite3.tbd */; };
		D1CA938D1E275C32008489EA /* main.m in Sources */ = {isa = PBXBuildFile; fileRef = D1CA938C1E275C32008489EA /* main.m */; };
		D1CA93901E275C32008489EA /* AppDelegate.m in Sources */ = {isa = PBXBuildFile; fileRef = D1CA938F1E275C32008489EA /* AppDelegate.m */; };
		D1CA93931E275C32008489EA /* ViewController.m in Sources */ = {isa = PBXBuildFile; fileRef = D1CA93921E275C32008489EA /* ViewController.m */; };
		D1CA93961E275C32008489EA /* Main.storyboard in Resources */ = {isa = PBXBuildFile; fileRef = D1CA93941E275C32008489EA /* Main.storyboard */; };
		D1CA93981E275C32008489EA /* Assets.xcassets in Resources */ = {isa = PBXBuildFile; fileRef = D1CA93971E275C32008489EA /* Assets.xcassets */; };
		D1CA939B1E275C32008489EA /* LaunchScreen.storyboard in Resources */ = {isa = PBXBuildFile; fileRef = D1CA93991E275C32008489EA /* LaunchScreen.storyboard */; };
		D1CA93A61E275C32008489EA /* FMDBQueueTests.m in Sources */ = {isa = PBXBuildFile; fileRef = D1CA93A51E275C32008489EA /* FMDBQueueTests.m */; };
		EE90BEF8BA2897E8F3F9A34B /* libPods-FMDBQueueTests.a in Frameworks */ = {isa = PBXBuildFile; fileRef = 0285B9269B3E028E91FD49AC /* libPods-FMDBQueueTests.a */; };
		FD4BE2CDDE64FD2DAB7F7A1B /* libPods-FMDBQueue.a in Frameworks */ = {isa = PBXBuildFile; fileRef = 0A7C8FE4EB5C207C03D43C6A /* libPods-FMDBQueue.a */; };
/* End PBXBuildFile section */

/* Begin PBXContainerItemProxy section */
		D1CA93A21E275C32008489EA /* PBXContainerItemProxy */ = {
			isa = PBXContainerItemProxy;
			containerPortal = D1CA93801E275C32008489EA /* Project object */;
			proxyType = 1;
			remoteGlobalIDString = D1CA93871E275C32008489EA;
			remoteInfo = FMDBQueue;
		};
/* End PBXContainerItemProxy section */

/* Begin PBXFileReference section */
		0285B9269B3E028E91FD49AC /* libPods-FMDBQueueTests.a */ = {isa = PBXFileReference; explicitFileType = archive.ar; includeInIndex = 0; path = "libPods-FMDBQueueTests.a"; sourceTree = BUILT_PRODUCTS_DIR; };
		0A7C8FE4EB5C207C03D43C6A /* libPods-FMDBQueue.a */ = {isa = PBXFileReference; explicitFileType = archive.ar; includeInIndex = 0; path = "libPods-FMDBQueue.a"; sourceTree = BUILT_PRODUCTS_DIR; };
		4D5BDF315C50B43743C7F2EC /* Pods-FMDBQueueTests.debug.xcconfig */ = {isa = PBXFileReference; includeInIndex = 1; lastKnownFileType = text.xcconfig; name = "Pods-FMDBQueueTests.debug.xcconfig"; path = "Pods/Target Support Files/Pods-FMDBQueueTests/Pods-FMDBQueueTests.debug.xcconfig"; sourceTree = "<group>"; };
		8D069B433E41FDEAA75D05D5 /* Pods-FMDBQueueTests.release.xcconfig */ = {isa = PBXFileReference; includeInIndex = 1; lastKnownFileType = text.xcconfig; name = "Pods-FMDBQueueTests.release.xcconfig"; path = "Pods/Target Support Files/Pods-FMDBQueueTests/Pods-FMDBQueueTests.release.xcconfig"; sourceTree = "<group>"; };
		AED67876E389865242F10B63 /* Pods-FMDBQueue.debug.xcconfig */ = {isa = PBXFileReference; includeInIndex = 1; lastKnownFileType = text.xcconfig; name = "Pods-FMDBQueue.debug.xcconfig"; path = "Pods/Target Support Files/Pods-FMDBQueue/Pods-FMDBQueue.debug.xcconfig"; sourceTree = "<group>"; };
		CAB4AEA3B788175B7D6A2BE9 /* Pods-FMDBQueue.release.xcconfig */ = {isa = PBXFileReference; includeInIndex = 1; lastKnownFileType = text.xcconfig; name = "Pods-FMDBQueue.release.xcconfig"; path = "Pods/Target Support Files/Pods-FMDBQueue/Pods-FMDBQueue.release.xcconfig"; sourceTree = "<group>"; };
		D11EFE4A1E275CDA00E321BC /* libsqlite3.tbd */ = {isa = PBXFileReference; lastKnownFileType = "sourcecode.text-based-dylib-definition"; name = libsqlite3.tbd; path = usr/lib/libsqlite3.tbd; sourceTree = SDKROOT; };
		D1CA93881E275C32008489EA /* FMDBQueue.app */ = {isa = PBXFileReference; explicitFileType = wrapper.application; includeInIndex = 0; path = FMDBQueue.app; sourceTree = BUILT_PRODUCTS_DIR; };
		D1CA938C1E275C32008489EA /* main.m */ = {isa = PBXFileReference; lastKnownFileType = sourcecode.c.objc; path = main.m; sourceTree = "<group>"; };
		D1CA938E1E275C32008489EA /* AppDelegate.h */ = {isa = PBXFileReference; lastKnownFileType = sourcecode.c.h; path = AppDelegate.h; sourceTree = "<group>"; };
		D1CA938F1E275C32008489EA /* AppDelegate.m */ = {isa = PBXFileReference; lastKnownFileType = sourcecode.c.objc; path = AppDelegate.m; sourceTree = "<group>"; };
		D1CA93911E275C32008489EA /* ViewController.h */ = {isa = PBXFileReference; lastKnownFileType = sourcecode.c.h; path = ViewController.h; sourceTree = "<group>"; };
		D1CA93921E275C32008489EA /* ViewController.m */ = {isa = PBXFileReference; lastKnownFileType = sourcecode.c.objc; path = ViewController.m; sourceTree = "<group>"; };
		D1CA93951E275C32008489EA /* Base */ = {isa = PBXFileReference; lastKnownFileType = file.storyboard; name = Base; path = Base.lproj/Main.storyboard; sourceTree = "<group>"; };
		D1CA93971E275C32008489EA /* Assets.xcassets */ = {isa = PBXFileReference; lastKnownFileType = folder.assetcatalog; path = Assets.xcassets; sourceTree = "<group>"; };
		D1CA939A1E275C32008489EA /* Base */ = {isa = PBXFileReference; lastKnownFileType = file.storyboard; name = Base; path = Base.lproj/LaunchScreen.storyboard; sourceTree = "<group>"; };
		D1CA939C1E275C32008489EA /* Info.plist */ = {isa = PBXFileReference; lastKnownFileType = text.plist.xml; path = Info.plist; sourceTree = "<group>"; };
		D1CA93A11E275C32008489EA /* FMDBQueueTests.xctest */ = {isa = PBXFileReference; explicitFileType = wrapper.cfbundle; includeInIndex = 0; path = FMDBQueueTests.xctest; sourceTree = BUILT_PRODUCTS_DIR; };
		D1CA93A51E275C32008489EA /* FMDBQueueTests.m */ = {isa = PBXFileReference; lastKnownFileType = sourcecode.c.objc; path = FMDBQueueTests.m; sourceTree = "<group>"; };
		D1CA93A71E275C32008489EA /* Info.plist */ = {isa = PBXFileReference; lastKnownFileType = text.plist.xml; path = Info.plist; sourceTree = "<group>"; };
/* End PBXFileReference section */

/* Begin PBXFrameworksBuildPhase section */
		D1CA93851E275C32008489EA /* Frameworks */ = {
			isa = PBXFrameworksBuildPhase;
			buildActionMask = 2147483647;
			files = (
				D11EFE4B1E275CDA00E321BC /* libsqlite3.tbd in Frameworks */,
				FD4BE2CDDE64FD2DAB7F7A1B /* libPods-FMDBQueue.a in Frameworks */,
			);
			runOnlyForDeploymentPostprocessing = 0;
		};
		D1CA939E1E275C32008489EA /* Frameworks */ = {
			isa = PBXFrameworksBuildPhase;
			buildActionMask = 2147483647;
			files = (
				EE90BEF8BA2897E8F3F9A34B /* libPods-FMDBQueueTests.a in Frameworks */,
			);
			runOnlyForDeploymentPostprocessing = 0;
		};
/* End PBXFrameworksBuildPhase section */

/* Begin PBXGroup section */
		1605C7C9BDD3AEA68F127603 /* Pods */ = {
			isa = PBXGroup;
			children = (
				AED67876E389865242F10B63 /* Pods-FMDBQueue.debug.xcconfig */,
				CAB4AEA3B788175B7D6A2BE9 /* Pods-FMDBQueue.release.xcconfig */,
				4D5BDF315C50B43743C7F2EC /* Pods-FMDBQueueTests.debug.xcconfig */,
				8D069B433E41FDEAA75D05D5 /* Pods-FMDBQueueTests.release.xcconfig */,
			);
			name = Pods;
			sourceTree = "<group>";
		};
		5EC245CEBD6D3AD907622303 /* Frameworks */ = {
			isa = PBXGroup;
			children = (
				D11EFE4A1E275CDA00E321BC /* libsqlite3.tbd */,
				0A7C8FE4EB5C207C03D43C6A /* libPods-FMDBQueue.a */,
				0285B9269B3E028E91FD49AC /* libPods-FMDBQueueTests.a */,
			);
			name = Frameworks;
			sourceTree = "<group>";
		};
		D1CA937F1E275C32008489EA = {
			isa = PBXGroup;
			children = (
				D1CA938A1E275C32008489EA /* FMDBQueue */,
				D1CA93A41E275C32008489EA /* FMDBQueueTests */,
				D1CA93891E275C32008489EA /* Products */,
				1605C7C9BDD3AEA68F127603 /* Pods */,
				5EC245CEBD6D3AD907622303 /* Frameworks */,
			);
			sourceTree = "<group>";
		};
		D1CA93891E275C32008489EA /* Products */ = {
			isa = PBXGroup;
			children = (
				D1CA93881E275C32008489EA /* FMDBQueue.app */,
				D1CA93A11E275C32008489EA /* FMDBQueueTests.xctest */,
			);
			name = Products;
			sourceTree = "<group>";
		};
		D1CA938A1E275C32008489EA /* FMDBQueue */ = {
			isa = PBXGroup;
			children = (
				D1CA938E1E275C32008489EA /* AppDelegate.h */,
				D1CA938F1E275C32008489EA /* AppDelegate.m */,
				D1CA93911E275C32008489EA /* ViewController.h */,
				D1CA93921E275C32008489EA /* ViewController.m */,
				D1CA93941E275C32008489EA /* Main.storyboard */,
				D1CA93971E275C32008489EA /* Assets.xcassets */,
				D1CA93991E275C32008489EA /* LaunchScreen.storyboard */,
				D1CA939C1E275C32008489EA /* Info.plist */,
				D1CA938B1E275C32008489EA /* Supporting Files */,
			);
			path = FMDBQueue;
			sourceTree = "<group>";
		};
		D1CA938B1E275C32008489EA /* Supporting Files */ = {
			isa = PBXGroup;
			children = (
				D1CA938C1E275C32008489EA /* main.m */,
			);
			name = "Supporting Files";
			sourceTree = "<group>";
		};
		D1CA93A41E275C32008489EA /* FMDBQueueTests */ = {
			isa = PBXGroup;
			children = (
				D1CA93A51E275C32008489EA /* FMDBQueueTests.m */,
				D1CA93A71E275C32008489EA /* Info.plist */,
			);
			path = FMDBQueueTests;
			sourceTree = "<group>";
		};
/* End PBXGroup section */

/* Begin PBXNativeTarget section */
		D1CA93871E275C32008489EA /* FMDBQueue */ = {
			isa = PBXNativeTarget;
			buildConfigurationList = D1CA93AA1E275C32008489EA /* Build configuration list for PBXNativeTarget "FMDBQueue" */;
			buildPhases = (
				A73DE26A2B0A3D1E147240F4 /* [CP] Check Pods Manifest.lock */,
				D1CA93841E275C32008489EA /* Sources */,
				D1CA93851E275C32008489EA /* Frameworks */,
				D1CA93861E275C32008489EA /* Resources */,
				4C01B2EF4B223F98A39121E9 /* [CP] Embed Pods Frameworks */,
				6234A40E6824D24F1A91F915 /* [CP] Copy Pods Resources */,
			);
			buildRules = (
			);
			dependencies = (
			);
			name = FMDBQueue;
			productName = FMDBQueue;
			productReference = D1CA93881E275C32008489EA /* FMDBQueue.app */;
			productType = "com.apple.product-type.application";
		};
		D1CA93A01E275C32008489EA /* FMDBQueueTests */ = {
			isa = PBXNativeTarget;
			buildConfigurationList = D1CA93AD1E275C32008489EA /* Build configuration list for PBXNativeTarget "FMDBQueueTests" */;
			buildPhases = (
				AE0FFDA7359D15108A857B28 /* [CP] Check Pods Manifest.lock */,
				D1CA939D1E275C32008489EA /* Sources */,
				D1CA939E1E275C32008489EA /* Frameworks */,
				D1CA939F1E275C32008489EA /* Resources */,
				902DAAE9C42822C1F3BA9EDA /* [CP] Embed Pods Frameworks */,
				8F02487337417008B49A0CFC /* [CP] Copy Pods Resources */,
			);
			buildRules = (
			);
			dependencies = (
				D1CA93A31E275C32008489EA /* PBXTargetDependency */,
			);
			name = FMDBQueueTests;
			productName = FMDBQueueTests;
			productReference = D1CA93A11E275C32008489EA /* FMDBQueueTests.xctest */;
			productType = "com.apple.product-type.bundle.unit-test";
		};
/* End PBXNativeTarget section */

/* Begin PBXProject section */
		D1CA93801E275C32008489EA /* Project object */ = {
			isa = PBXProject;
			attributes = {
				LastUpgradeCheck = 0730;
				ORGANIZATIONNAME = tyhmeng;
				TargetAttributes = {
					D1CA93871E275C32008489EA = {
						CreatedOnToolsVersion = 7.3;
						DevelopmentTeam = R6VPZE75ZN;
					};
					D1CA93A01E275C32008489EA = {
						CreatedOnToolsVersion = 7.3;
						DevelopmentTeam = R6VPZE75ZN;
						TestTargetID = D1CA93871E275C32008489EA;
					};
				};
			};
			buildConfigurationList = D1CA93831E275C32008489EA /* Build configuration list for PBXProject "FMDBQueue" */;
			compatibilityVersion = "Xcode 3.2";
			developmentRegion = English;
			hasScannedForEncodings = 0;
			knownRegions = (
				en,
				Base,
			);
			mainGroup = D1CA937F1E275C32008489EA;
			productRefGroup = D1CA93891E275C32008489EA /* Products */;
			projectDirPath = "";
			projectRoot = "";
			targets = (
				D1CA93871E275C32008489EA /* FMDBQueue */,
				D1CA93A01E275C32008489EA /* FMDBQueueTests */,
			);
		};
/* End PBXProject section */

/* Begin PBXResourcesBuildPhase section */
		D1CA93861E275C32008489EA /* Resources */ = {
			isa = PBXResourcesBuildPhase;
			buildActionMask = 2147483647;
			files = (
				D1CA939B1E275C32008489EA /* LaunchScreen.storyboard in Resources */,
				D1CA93981E275C32008489EA /* Assets.xcassets in Resources */,
				D1CA93961E275C32008489EA /* Main.storyboard in Resources */,
			);
			runOnlyForDeploymentPostprocessing = 0;
		};
		D1CA939F1E275C32008489EA /* Resources */ = {
			isa = PBXResourcesBuildPhase;
			buildActionMask = 2147483647;
			files = (
			);
			runOnlyForDeploymentPostprocessing = 0;
		};
/* End PBXResourcesBuildPhase section */

/* Begin PBXShellScriptBuildPhase section */
		4C01B2EF4B223F98A39121E9 /* [CP] Embed Pods Frameworks */ = {
			isa = PBXShellScriptBuildPhase;
			buildActionMask = 2147483647;
			files = (
			);
			inputPaths = (
			);
			name = "[CP] Embed Pods Frameworks";
			outputPaths = (
			);
			runOnlyForDeploymentPostprocessing = 0;
			shellPath = /bin/sh;
			shellScript = "\"${SRCROOT}/Pods/Target Support Files/Pods-FMDBQueue/Pods-FMDBQueue-frameworks.sh\"\n";
			showEnvVarsInLog = 0;
		};
		6234A40E6824D24F1A91F915 /* [CP] Copy Pods Resources */ = {
			isa = PBXShellScriptBuildPhase;
			buildActionMask = 2147483647;
			files = (
			);
			inputPaths = (
			);
			name = "[CP] Copy Pods Resources";
			outputPaths = (
			);
			runOnlyForDeploymentPostprocessing = 0;
			shellPath = /bin/sh;
			shellScript = "\"${SRCROOT}/Pods/Target Support Files/Pods-FMDBQueue/Pods-FMDBQueue-resources.sh\"\n";
			showEnvVarsInLog = 0;
		};
		8F02487337417008B49A0CFC /* [CP] Copy Pods Resources */ = {
			isa = PBXShellScriptBuildPhase;
			buildActionMask = 2147483647;
			files = (
			);
			inputPaths = (
			);
			name = "[CP] Copy Pods Resources";
			outputPaths = (
			);
			runOnlyForDeploymentPostprocessing = 0;
			shellPath = /bin/sh;
			shellScript = "\"${SRCROOT}/Pods/Target Support Files/Pods-FMDBQueueTests/Pods-FMDBQueueTests-resources.sh\"\n";
			showEnvVarsInLog = 0;
		};
		902DAAE9C42822C1F3BA9EDA /* [CP] Embed Pods Frameworks */ = {
			isa = PBXShellScriptBuildPhase;
			buildActionMask = 2147483647;
			files = (
			);
			inputPaths = (
			);
			name = "[CP] Embed Pods Frameworks";
			outputPaths = (
			);
			runOnlyForDeploymentPostprocessing = 0;
			shellPath = /bin/sh;
			shellScript = "\"${SRCROOT}/Pods/Target Support Files/Pods-FMDBQueueTests/Pods-FMDBQueueTests-frameworks.sh\"\n";
			showEnvVarsInLog = 0;
		};
		A73DE26A2B0A3D1E147240F4 /* [CP] Check Pods Manifest.lock */ = {
			isa = PBXShellScriptBuildPhase;
			buildActionMask = 2147483647;
			files = (
			);
			inputPaths = (
			);
			name = "[CP] Check Pods Manifest.lock";
			outputPaths = (
			);
			runOnlyForDeploymentPostprocessing = 0;
			shellPath = /bin/sh;
			shellScript = "diff \"${PODS_ROOT}/../Podfile.lock\" \"${PODS_ROOT}/Manifest.lock\" > /dev/null\nif [ $? != 0 ] ; then\n    # print error to STDERR\n    echo \"error: The sandbox is not in sync with the Podfile.lock. Run 'pod install' or update your CocoaPods installation.\" >&2\n    exit 1\nfi\n";
			showEnvVarsInLog = 0;
		};
		AE0FFDA7359D15108A857B28 /* [CP] Check Pods Manifest.lock */ = {
			isa = PBXShellScriptBuildPhase;
			buildActionMask = 2147483647;
			files = (
			);
			inputPaths = (
			);
			name = "[CP] Check Pods Manifest.lock";
			outputPaths = (
			);
			runOnlyForDeploymentPostprocessing = 0;
			shellPath = /bin/sh;
			shellScript = "diff \"${PODS_ROOT}/../Podfile.lock\" \"${PODS_ROOT}/Manifest.lock\" > /dev/null\nif [ $? != 0 ] ; then\n    # print error to STDERR\n    echo \"error: The sandbox is not in sync with the Podfile.lock. Run 'pod install' or update your CocoaPods installation.\" >&2\n    exit 1\nfi\n";
			showEnvVarsInLog = 0;
		};
/* End PBXShellScriptBuildPhase section */

/* Begin PBXSourcesBuildPhase section */
		D1CA93841E275C32008489EA /* Sources */ = {
			isa = PBXSourcesBuildPhase;
			buildActionMask = 2147483647;
			files = (
				D1CA93931E275C32008489EA /* ViewController.m in Sources */,
				D1CA93901E275C32008489EA /* AppDelegate.m in Sources */,
				D1CA938D1E275C32008489EA /* main.m in Sources */,
			);
			runOnlyForDeploymentPostprocessing = 0;
		};
		D1CA939D1E275C32008489EA /* Sources */ = {
			isa = PBXSourcesBuildPhase;
			buildActionMask = 2147483647;
			files = (
				D1CA93A61E275C32008489EA /* FMDBQueueTests.m in Sources */,
			);
			runOnlyForDeploymentPostprocessing = 0;
		};
/* End PBXSourcesBuildPhase section */

/* Begin PBXTargetDependency section */
		D1CA93A31E275C32008489EA /* PBXTargetDependency */ = {
			isa = PBXTargetDependency;
			target = D1CA93871E275C32008489EA /* FMDBQueue */;
			targetProxy = D1CA93A21E275C32008489EA /* PBXContainerItemProxy */;
		};
/* End PBXTargetDependency section */

/* Begin PBXVariantGroup section */
		D1CA93941E275C32008489EA /* Main.storyboard */ = {
			isa = PBXVariantGroup;
			children = (
				D1CA93951E275C32008489EA /* Base */,
			);
			name = Main.storyboard;
			sourceTree = "<group>";
		};
		D1CA93991E275C32008489EA /* LaunchScreen.storyboard */ = {
			isa = PBXVariantGroup;
			children = (
				D1CA939A1E275C32008489EA /* Base */,
			);
			name = LaunchScreen.storyboard;
			sourceTree = "<group>";
		};
/* End PBXVariantGroup section */

/* Begin XCBuildConfiguration section */
		D1CA93A81E275C32008489EA /* Debug */ = {
			isa = XCBuildConfiguration;
			buildSettings = {
				ALWAYS_SEARCH_USER_PATHS = NO;
				CLANG_ANALYZER_NONNULL = YES;
				CLANG_CXX_LANGUAGE_STANDARD = "gnu++0x";
				CLANG_CXX_LIBRARY = "libc++";
				CLANG_ENABLE_MODULES = YES;
				CLANG_ENABLE_OBJC_ARC = YES;
				CLANG_WARN_BOOL_CONVERSION = YES;
				CLANG_WARN_CONSTANT_CONVERSION = YES;
				CLANG_WARN_DIRECT_OBJC_ISA_USAGE = YES_ERROR;
				CLANG_WARN_EMPTY_BODY = YES;
				CLANG_WARN_ENUM_CONVERSION = YES;
				CLANG_WARN_INT_CONVERSION = YES;
				CLANG_WARN_OBJC_ROOT_CLASS = YES_ERROR;
				CLANG_WARN_UNREACHABLE_CODE = YES;
				CLANG_WARN__DUPLICATE_METHOD_MATCH = YES;
				"CODE_SIGN_IDENTITY[sdk=iphoneos*]" = "iPhone Developer";
				COPY_PHASE_STRIP = NO;
				DEBUG_INFORMATION_FORMAT = dwarf;
				ENABLE_STRICT_OBJC_MSGSEND = YES;
				ENABLE_TESTABILITY = YES;
				GCC_C_LANGUAGE_STANDARD = gnu99;
				GCC_DYNAMIC_NO_PIC = NO;
				GCC_NO_COMMON_BLOCKS = YES;
				GCC_OPTIMIZATION_LEVEL = 0;
				GCC_PREPROCESSOR_DEFINITIONS = (
					"DEBUG=1",
					"$(inherited)",
				);
				GCC_WARN_64_TO_32_BIT_CONVERSION = YES;
				GCC_WARN_ABOUT_RETURN_TYPE = YES_ERROR;
				GCC_WARN_UNDECLARED_SELECTOR = YES;
				GCC_WARN_UNINITIALIZED_AUTOS = YES_AGGRESSIVE;
				GCC_WARN_UNUSED_FUNCTION = YES;
				GCC_WARN_UNUSED_VARIABLE = YES;
				IPHONEOS_DEPLOYMENT_TARGET = 9.3;
				MTL_ENABLE_DEBUG_INFO = YES;
				ONLY_ACTIVE_ARCH = YES;
				SDKROOT = iphoneos;
				TARGETED_DEVICE_FAMILY = "1,2";
			};
			name = Debug;
		};
		D1CA93A91E275C32008489EA /* Release */ = {
			isa = XCBuildConfiguration;
			buildSettings = {
				ALWAYS_SEARCH_USER_PATHS = NO;
				CLANG_ANALYZER_NONNULL = YES;
				CLANG_CXX_LANGUAGE_STANDARD = "gnu++0x";
				CLANG_CXX_LIBRARY = "libc++";
				CLANG_ENABLE_MODULES = YES;
				CLANG_ENABLE_OBJC_ARC = YES;
				CLANG_WARN_BOOL_CONVERSION = YES;
				CLANG_WARN_CONSTANT_CONVERSION = YES;
				CLANG_WARN_DIRECT_OBJC_ISA_USAGE = YES_ERROR;
				CLANG_WARN_EMPTY_BODY = YES;
				CLANG_WARN_ENUM_CONVERSION = YES;
				CLANG_WARN_INT_CONVERSION = YES;
				CLANG_WARN_OBJC_ROOT_CLASS = YES_ERROR;
				CLANG_WARN_UNREACHABLE_CODE = YES;
				CLANG_WARN__DUPLICATE_METHOD_MATCH = YES;
				"CODE_SIGN_IDENTITY[sdk=iphoneos*]" = "iPhone Developer";
				COPY_PHASE_STRIP = NO;
				DEBUG_INFORMATION_FORMAT = "dwarf-with-dsym";
				ENABLE_NS_ASSERTIONS = NO;
				ENABLE_STRICT_OBJC_MSGSEND = YES;
				GCC_C_LANGUAGE_STANDARD = gnu99;
				GCC_NO_COMMON_BLOCKS = YES;
				GCC_WARN_64_TO_32_BIT_CONVERSION = YES;
				GCC_WARN_ABOUT_RETURN_TYPE = YES_ERROR;
				GCC_WARN_UNDECLARED_SELECTOR = YES;
				GCC_WARN_UNINITIALIZED_AUTOS = YES_AGGRESSIVE;
				GCC_WARN_UNUSED_FUNCTION = YES;
				GCC_WARN_UNUSED_VARIABLE = YES;
				IPHONEOS_DEPLOYMENT_TARGET = 9.3;
				MTL_ENABLE_DEBUG_INFO = NO;
				SDKROOT = iphoneos;
				TARGETED_DEVICE_FAMILY = "1,2";
				VALIDATE_PRODUCT = YES;
			};
			name = Release;
		};
		D1CA93AB1E275C32008489EA /* Debug */ = {
			isa = XCBuildConfiguration;
			baseConfigurationReference = AED67876E389865242F10B63 /* Pods-FMDBQueue.debug.xcconfig */;
			buildSettings = {
				ASSETCATALOG_COMPILER_APPICON_NAME = AppIcon;
				INFOPLIST_FILE = FMDBQueue/Info.plist;
				LD_RUNPATH_SEARCH_PATHS = "$(inherited) @executable_path/Frameworks";
				PRODUCT_BUNDLE_IDENTIFIER = com.tyhmeng.FMDBQueue;
				PRODUCT_NAME = "$(TARGET_NAME)";
			};
			name = Debug;
		};
		D1CA93AC1E275C32008489EA /* Release */ = {
			isa = XCBuildConfiguration;
			baseConfigurationReference = CAB4AEA3B788175B7D6A2BE9 /* Pods-FMDBQueue.release.xcconfig */;
			buildSettings = {
				ASSETCATALOG_COMPILER_APPICON_NAME = AppIcon;
				INFOPLIST_FILE = FMDBQueue/Info.plist;
				LD_RUNPATH_SEARCH_PATHS = "$(inherited) @executable_path/Frameworks";
				PRODUCT_BUNDLE_IDENTIFIER = com.tyhmeng.FMDBQueue;
				PRODUCT_NAME = "$(TARGET_NAME)";
			};
			name = Release;
		};
		D1CA93AE1E275C32008489EA /* Debug */ = {
			isa = XCBuildConfiguration;
			baseConfigurationReference = 4D5BDF315C50B43743C7F2EC /* Pods-FMDBQueueTests.debug.xcconfig */;
			buildSettings = {
				BUNDLE_LOADER = "$(TEST_HOST)";
				INFOPLIST_FILE = FMDBQueueTests/Info.plist;
				LD_RUNPATH_SEARCH_PATHS = "$(inherited) @executable_path/Frameworks @loader_path/Frameworks";
				PRODUCT_BUNDLE_IDENTIFIER = com.tyhmeng.FMDBQueueTests;
				PRODUCT_NAME = "$(TARGET_NAME)";
				TEST_HOST = "$(BUILT_PRODUCTS_DIR)/FMDBQueue.app/FMDBQueue";
			};
			name = Debug;
		};
		D1CA93AF1E275C32008489EA /* Release */ = {
			isa = XCBuildConfiguration;
			baseConfigurationReference = 8D069B433E41FDEAA75D05D5 /* Pods-FMDBQueueTests.release.xcconfig */;
			buildSettings = {
				BUNDLE_LOADER = "$(TEST_HOST)";
				INFOPLIST_FILE = FMDBQueueTests/Info.plist;
				LD_RUNPATH_SEARCH_PATHS = "$(inherited) @executable_path/Frameworks @loader_path/Frameworks";
				PRODUCT_BUNDLE_IDENTIFIER = com.tyhmeng.FMDBQueueTests;
				PRODUCT_NAME = "$(TARGET_NAME)";
				TEST_HOST = "$(BUILT_PRODUCTS_DIR)/FMDBQueue.app/FMDBQueue";
			};
			name = Release;
		};
/* End XCBuildConfiguration section */

/* Begin XCConfigurationList section */
		D1CA93831E275C32008489EA /* Build configuration list for PBXProject "FMDBQueue" */ = {
			isa = XCConfigurationList;
			buildConfigurations = (
				D1CA93A81E275C32008489EA /* Debug */,
				D1CA93A91E275C32008489EA /* Release */,
			);
			defaultConfigurationIsVisible = 0;
			defaultConfigurationName = Release;
		};
		D1CA93AA1E275C32008489EA /* Build configuration list for PBXNativeTarget "FMDBQueue" */ = {
			isa = XCConfigurationList;
			buildConfigurations = (
				D1CA93AB1E275C32008489EA /* Debug */,
				D1CA93AC1E275C32008489EA /* Release */,
			);
			defaultConfigurationIsVisible = 0;
			defaultConfigurationName = Release;
		};
		D1CA93AD1E275C32008489EA /* Build configuration list for PBXNativeTarget "FMDBQueueTests" */ = {
			isa = XCConfigurationList;
			buildConfigurations = (
				D1CA93AE1E275C32008489EA /* Debug */,
				D1CA93AF1E275C32008489EA /* Release */,
			);
			defaultConfigurationIsVisible = 0;
			defaultConfigurationName = Release;
		};
/* End XCConfigurationList section */
	};
	rootObject = D1CA93801E275C32008489EA /* Project object */;
}
